
Microsoft Visual Studio Solution File, Format Version 12.00
# Visual Studio 15
VisualStudioVersion = 15.0.27428.2037
MinimumVisualStudioVersion = 10.0.40219.1
Project("{FAE04EC0-301F-11D3-BF4B-00C04F79EFBC}") = "Homan.ScheduleMaster.Base", "Homan.ScheduleMaster.Core\Homan.ScheduleMaster.Base.csproj", "{C54311DF-0DE0-475C-A0E8-140C8C06282B}"
EndProject
Project("{FAE04EC0-301F-11D3-BF4B-00C04F79EFBC}") = "Homan.ScheduleMaster.Demo", "Homan.ScheduleMaster.Demo\Homan.ScheduleMaster.Demo.csproj", "{DB86F170-EAC9-442B-945B-B9E1249FC1B3}"
EndProject
Project("{FAE04EC0-301F-11D3-BF4B-00C04F79EFBC}") = "Homan.ScheduleMaster.Core", "Homan.ScheduleMaster.Infrastructure\Homan.ScheduleMaster.Core.csproj", "{2FFE6EB1-0D79-4603-B611-13FB7455B225}"
EndProject
Project("{FAE04EC0-301F-11D3-BF4B-00C04F79EFBC}") = "Homan.ScheduleMaster.QuartzHost", "Homan.ScheduleMaster.QuartzHost\Homan.ScheduleMaster.QuartzHost.csproj", "{BBBCC7E2-2022-4A2D-86B3-C3729BFB4E4E}"
EndProject
Project("{FAE04EC0-301F-11D3-BF4B-00C04F79EFBC}") = "Homan.ScheduleMaster.Web", "Homan.ScheduleMaster.Web\Homan.ScheduleMaster.Web.csproj", "{065A2E7F-246C-44BB-8E40-B1D240B2A6E6}"
EndProject
Global
	GlobalSection(SolutionConfigurationPlatforms) = preSolution
		Debug|Any CPU = Debug|Any CPU
		Release|Any CPU = Release|Any CPU
	EndGlobalSection
	GlobalSection(ProjectConfigurationPlatforms) = postSolution
		{C54311DF-0DE0-475C-A0E8-140C8C06282B}.Debug|Any CPU.ActiveCfg = Debug|Any CPU
		{C54311DF-0DE0-475C-A0E8-140C8C06282B}.Debug|Any CPU.Build.0 = Debug|Any CPU
		{C54311DF-0DE0-475C-A0E8-140C8C06282B}.Release|Any CPU.ActiveCfg = Release|Any CPU
		{C54311DF-0DE0-475C-A0E8-140C8C06282B}.Release|Any CPU.Build.0 = Release|Any CPU
		{DB86F170-EAC9-442B-945B-B9E1249FC1B3}.Debug|Any CPU.ActiveCfg = Debug|Any CPU
		{DB86F170-EAC9-442B-945B-B9E1249FC1B3}.Debug|Any CPU.Build.0 = Debug|Any CPU
		{DB86F170-EAC9-442B-945B-B9E1249FC1B3}.Release|Any CPU.ActiveCfg = Release|Any CPU
		{DB86F170-EAC9-442B-945B-B9E1249FC1B3}.Release|Any CPU.Build.0 = Release|Any CPU
		{2FFE6EB1-0D79-4603-B611-13FB7455B225}.Debug|Any CPU.ActiveCfg = Debug|Any CPU
		{2FFE6EB1-0D79-4603-B611-13FB7455B225}.Debug|Any CPU.Build.0 = Debug|Any CPU
		{2FFE6EB1-0D79-4603-B611-13FB7455B225}.Release|Any CPU.ActiveCfg = Release|Any CPU
		{2FFE6EB1-0D79-4603-B611-13FB7455B225}.Release|Any CPU.Build.0 = Release|Any CPU
		{BBBCC7E2-2022-4A2D-86B3-C3729BFB4E4E}.Debug|Any CPU.ActiveCfg = Debug|Any CPU
		{BBBCC7E2-2022-4A2D-86B3-C3729BFB4E4E}.Debug|Any CPU.Build.0 = Debug|Any CPU
		{BBBCC7E2-2022-4A2D-86B3-C3729BFB4E4E}.Release|Any CPU.ActiveCfg = Release|Any CPU
		{BBBCC7E2-2022-4A2D-86B3-C3729BFB4E4E}.Release|Any CPU.Build.0 = Release|Any CPU
		{065A2E7F-246C-44BB-8E40-B1D240B2A6E6}.Debug|Any CPU.ActiveCfg = Debug|Any CPU
		{065A2E7F-246C-44BB-8E40-B1D240B2A6E6}.Debug|Any CPU.Build.0 = Debug|Any CPU
		{065A2E7F-246C-44BB-8E40-B1D240B2A6E6}.Release|Any CPU.ActiveCfg = Release|Any CPU
		{065A2E7F-246C-44BB-8E40-B1D240B2A6E6}.Release|Any CPU.Build.0 = Release|Any CPU
	EndGlobalSection
	GlobalSection(SolutionProperties) = preSolution
		HideSolutionNode = FALSE
	EndGlobalSection
	GlobalSection(ExtensibilityGlobals) = postSolution
		SolutionGuid = {C81AE1B7-EB6F-4E4A-95C9-6BFFE8FBD415}
	EndGlobalSection
EndGlobal
